# THIS IS AN AUTOGENERATED FILE. DO NOT EDIT THIS FILE DIRECTLY.
# yarn lockfile v1


"@prisma/client@^4.12.0":
  version "4.12.0"
  resolved "https://registry.npmjs.org/@prisma/client/-/client-4.12.0.tgz"
  integrity sha512-j9/ighfWwux97J2dS15nqhl60tYoH8V0IuSsgZDb6bCFcQD3fXbXmxjYC8GHhIgOk3lB7Pq+8CwElz2MiDpsSg==
  dependencies:
    "@prisma/engines-version" "4.12.0-67.659ef412370fa3b41cd7bf6e94587c1dfb7f67e7"

"@prisma/engines-version@4.12.0-67.659ef412370fa3b41cd7bf6e94587c1dfb7f67e7":
  version "4.12.0-67.659ef412370fa3b41cd7bf6e94587c1dfb7f67e7"
  resolved "https://registry.npmjs.org/@prisma/engines-version/-/engines-version-4.12.0-67.659ef412370fa3b41cd7bf6e94587c1dfb7f67e7.tgz"
  integrity sha512-JIHNj5jlXb9mcaJwakM0vpgRYJIAurxTUqM0iX0tfEQA5XLZ9ONkIckkhuAKdAzocZ+80GYg7QSsfpjg7OxbOA==

"@prisma/engines@4.12.0":
  version "4.12.0"
  resolved "https://registry.npmjs.org/@prisma/engines/-/engines-4.12.0.tgz"
  integrity sha512-0alKtnxhNB5hYU+ymESBlGI4b9XrGGSdv7Ud+8TE/fBNOEhIud0XQsAR+TrvUZgS4na5czubiMsODw0TUrgkIA==

aggregate-error@^4.0.0:
  version "4.0.1"
  resolved "https://registry.npmjs.org/aggregate-error/-/aggregate-error-4.0.1.tgz"
  integrity sha512-0poP0T7el6Vq3rstR8Mn4V/IQrpBLO6POkUSrN7RhyY+GF/InCFShQzsQ39T25gkHhLgSLByyAz+Kjb+c2L98w==
  dependencies:
    clean-stack "^4.0.0"
    indent-string "^5.0.0"

axios@^0.24.0:
  version "0.24.0"
  resolved "https://registry.npmjs.org/axios/-/axios-0.24.0.tgz"
  integrity sha512-Q6cWsys88HoPgAaFAVUb0WpPk0O8iTeisR9IMqy9G8AbO4NlpVknrnQS03zzF9PGAWgO3cgletO3VjV/P7VztA==
  dependencies:
    follow-redirects "^1.14.4"

clean-stack@^4.0.0:
  version "4.2.0"
  resolved "https://registry.npmjs.org/clean-stack/-/clean-stack-4.2.0.tgz"
  integrity sha512-LYv6XPxoyODi36Dp976riBtSY27VmFo+MKqEU9QCCWyTrdEPDog+RWA7xQWHi6Vbp61j5c4cdzzX1NidnwtUWg==
  dependencies:
    escape-string-regexp "5.0.0"

clone@2.x:
  version "2.1.2"
  resolved "https://registry.npmjs.org/clone/-/clone-2.1.2.tgz"
  integrity sha512-3Pe/CF1Nn94hyhIYpjtiLhdCoEoz0DqQ+988E9gmeEdQZlojxnOb74wctFyuwWQHzqyf9X7C7MG8juUpqBJT8w==

escape-string-regexp@5.0.0:
  version "5.0.0"
  resolved "https://registry.npmjs.org/escape-string-regexp/-/escape-string-regexp-5.0.0.tgz"
  integrity sha512-/veY75JbMK4j1yjvuUxuVsiS/hr/4iHs9FTT6cgTexxdE0Ly/glccBAkloH/DofkjRbZU3bnoj38mOmhkZ0lHw==

follow-redirects@^1.14.4:
  version "1.15.3"
  resolved "https://registry.npmjs.org/follow-redirects/-/follow-redirects-1.15.3.tgz"
  integrity sha512-1VzOtuEM8pC9SFU1E+8KfTjZyMztRsgEfwQl44z8A25uy13jSzTj6dyK2Df52iV0vgHCfBwLhDWevLn95w5v6Q==

indent-string@^5.0.0:
  version "5.0.0"
  resolved "https://registry.npmjs.org/indent-string/-/indent-string-5.0.0.tgz"
  integrity sha512-m6FAo/spmsW2Ab2fU35JTYwtOKa2yAwXSwgjSv1TJzh4Mh7mC3lzAOVLBprb72XsTrgkEIsl7YrFNAiDiRhIGg==

node-cache@^5.1.2:
  version "5.1.2"
  resolved "https://registry.npmjs.org/node-cache/-/node-cache-5.1.2.tgz"
  integrity sha512-t1QzWwnk4sjLWaQAS8CHgOJ+RAfmHpxFWmc36IWTiWHQfs0w5JDMBS1b1ZxQteo0vVVuWJvIUKHDkkeK7vIGCg==
  dependencies:
    clone "2.x"

p-map@^5.5.0:
  version "5.5.0"
  resolved "https://registry.npmjs.org/p-map/-/p-map-5.5.0.tgz"
  integrity sha512-VFqfGDHlx87K66yZrNdI4YGtD70IRyd+zSvgks6mzHPRNkoKy+9EKP4SFC77/vTTQYmRmti7dvqC+m5jBrBAcg==
  dependencies:
    aggregate-error "^4.0.0"

pokedex-promise-v2@^4.1.1:
  version "4.1.1"
  resolved "https://registry.npmjs.org/pokedex-promise-v2/-/pokedex-promise-v2-4.1.1.tgz"
  integrity sha512-3v22kBwgJWzEcyyK3nOd+s3WzaGFcdkZ/PtxjJRklVF4OBOIl1evkQHkAGvN5r40lLlBn3/yVo8dlZvJmvIsew==
  dependencies:
    axios "^0.24.0"
    node-cache "^5.1.2"
    p-map "^5.5.0"

prisma@^4.12.0:
  version "4.12.0"
  resolved "https://registry.npmjs.org/prisma/-/prisma-4.12.0.tgz"
  integrity sha512-xqVper4mbwl32BWzLpdznHAYvYDWQQWK2tBfXjdUD397XaveRyAP7SkBZ6kFlIg8kKayF4hvuaVtYwXd9BodAg==
  dependencies:
    "@prisma/engines" "4.12.0"
